# This file is autogenerated, do not edit; changes may be undone by the next 'dep ensure'.


[[projects]]
  name = "github.com/SUSE/fissile"
  packages = ["model","mustache","util","validation"]
  revision = "eabeb9d6c4216bb3b9c01982599aae60013f342a"
  version = "5.1.0"

[[projects]]
  branch = "master"
  name = "github.com/cppforlife/go-semi-semantic"
  packages = ["version"]
  revision = "576b6af77ae4f3ccef356902fb3b9a9ae22e0b11"

[[projects]]
  branch = "extract-to-tar"
  name = "github.com/pivotal-golang/archiver"
  packages = ["extractor"]
  revision = "84aa8ab80d8aba08491d05a3d54d9f8216c3167d"

[[projects]]
  branch = "v2"
  name = "gopkg.in/yaml.v2"
  packages = ["."]
  revision = "287cf08546ab5e7e37d55a84f7ed3fd1db036de5"

[solve-meta]
  analyzer-name = "dep"
  analyzer-version = 1
  inputs-digest = "1f823d37e918de29ab314493caacff7fecea3cf57312f20516962d45c5b7de8d"
  solver-name = "gps-cdcl"
  solver-version = 1
